
Microsoft Visual Studio Solution File, Format Version 12.00
# Visual Studio Version 17
VisualStudioVersion = 17.5.002.0
MinimumVisualStudioVersion = 10.0.40219.1
Project("{9A19103F-16F7-4668-BE54-9A1E7A4F7556}") = "Wikifound", "Wikifound.csproj", "{09A5DEBA-5DCE-417C-9702-DD7B49364B6C}"
EndProject
Global
	GlobalSection(SolutionConfigurationPlatforms) = preSolution
		Debug|Any CPU = Debug|Any CPU
		Release|Any CPU = Release|Any CPU
	EndGlobalSection
	GlobalSection(ProjectConfigurationPlatforms) = postSolution
		{09A5DEBA-5DCE-417C-9702-DD7B49364B6C}.Debug|Any CPU.ActiveCfg = Debug|Any CPU
		{09A5DEBA-5DCE-417C-9702-DD7B49364B6C}.Debug|Any CPU.Build.0 = Debug|Any CPU
		{09A5DEBA-5DCE-417C-9702-DD7B49364B6C}.Release|Any CPU.ActiveCfg = Release|Any CPU
		{09A5DEBA-5DCE-417C-9702-DD7B49364B6C}.Release|Any CPU.Build.0 = Release|Any CPU
	EndGlobalSection
	GlobalSection(SolutionProperties) = preSolution
		HideSolutionNode = FALSE
	EndGlobalSection
	GlobalSection(ExtensibilityGlobals) = postSolution
		SolutionGuid = {73830C1F-CE2C-4632-8A04-0D34422AD62C}
	EndGlobalSection
EndGlobal
